
Microsoft Visual Studio Solution File, Format Version 12.00
# Visual Studio Version 17
VisualStudioVersion = 17.8.34330.188
MinimumVisualStudioVersion = 10.0.40219.1
Project("{FAE04EC0-301F-11D3-BF4B-00C04F79EFBC}") = "GameCaro", "GameCaro\GameCaro.csproj", "{88403A28-3CC9-4AF6-AB28-314AE8B043F0}"
EndProject
Global
	GlobalSection(SolutionConfigurationPlatforms) = preSolution
		Debug|Any CPU = Debug|Any CPU
		Release|Any CPU = Release|Any CPU
	EndGlobalSection
	GlobalSection(ProjectConfigurationPlatforms) = postSolution
		{88403A28-3CC9-4AF6-AB28-314AE8B043F0}.Debug|Any CPU.ActiveCfg = Debug|Any CPU
		{88403A28-3CC9-4AF6-AB28-314AE8B043F0}.Debug|Any CPU.Build.0 = Debug|Any CPU
		{88403A28-3CC9-4AF6-AB28-314AE8B043F0}.Release|Any CPU.ActiveCfg = Release|Any CPU
		{88403A28-3CC9-4AF6-AB28-314AE8B043F0}.Release|Any CPU.Build.0 = Release|Any CPU
	EndGlobalSection
	GlobalSection(SolutionProperties) = preSolution
		HideSolutionNode = FALSE
	EndGlobalSection
	GlobalSection(ExtensibilityGlobals) = postSolution
		SolutionGuid = {29023C46-AE09-4BB4-9233-B22F1F629CB6}
	EndGlobalSection
EndGlobal
